// !$*UTF8*$!
{
	archiveVersion = 1;
	classes = {
	};
	objectVersion = 46;
	objects = {

/* Begin PBXBuildFile section */
		882940C419CC107E00D1A48D /* AlbertEinsteinStamp.png in Resources */ = {isa = PBXBuildFile; fileRef = 882940C219CC107E00D1A48D /* AlbertEinsteinStamp.png */; };
		882940C519CC107E00D1A48D /* Sagrada_Familia_03_crop.jpg in Resources */ = {isa = PBXBuildFile; fileRef = 882940C319CC107E00D1A48D /* Sagrada_Familia_03_crop.jpg */; };
		887BB51719CBD38400BC7C43 /* AppDelegate.swift in Sources */ = {isa = PBXBuildFile; fileRef = 887BB51619CBD38400BC7C43 /* AppDelegate.swift */; };
		887BB51919CBD38400BC7C43 /* ViewController.swift in Sources */ = {isa = PBXBuildFile; fileRef = 887BB51819CBD38400BC7C43 /* ViewController.swift */; };
		887BB51C19CBD38400BC7C43 /* Main.storyboard in Resources */ = {isa = PBXBuildFile; fileRef = 887BB51A19CBD38400BC7C43 /* Main.storyboard */; };
		887BB51E19CBD38400BC7C43 /* Images.xcassets in Resources */ = {isa = PBXBuildFile; fileRef = 887BB51D19CBD38400BC7C43 /* Images.xcassets */; };
		887BB52119CBD38400BC7C43 /* LaunchScreen.xib in Resources */ = {isa = PBXBuildFile; fileRef = 887BB51F19CBD38400BC7C43 /* LaunchScreen.xib */; };
		887BB52D19CBD38400BC7C43 /* PostcardTests.swift in Sources */ = {isa = PBXBuildFile; fileRef = 887BB52C19CBD38400BC7C43 /* PostcardTests.swift */; };
/* End PBXBuildFile section */

/* Begin PBXContainerItemProxy section */
		887BB52719CBD38400BC7C43 /* PBXContainerItemProxy */ = {
			isa = PBXContainerItemProxy;
			containerPortal = 887BB50919CBD38300BC7C43 /* Project object */;
			proxyType = 1;
			remoteGlobalIDString = 887BB51019CBD38300BC7C43;
			remoteInfo = Postcard;
		};
/* End PBXContainerItemProxy section */

/* Begin PBXFileReference section */
		882940C219CC107E00D1A48D /* AlbertEinsteinStamp.png */ = {isa = PBXFileReference; lastKnownFileType = image.png; path = AlbertEinsteinStamp.png; sourceTree = "<group>"; };
		882940C319CC107E00D1A48D /* Sagrada_Familia_03_crop.jpg */ = {isa = PBXFileReference; lastKnownFileType = image.jpeg; path = Sagrada_Familia_03_crop.jpg; sourceTree = "<group>"; };
		887BB51119CBD38400BC7C43 /* Postcard.app */ = {isa = PBXFileReference; explicitFileType = wrapper.application; includeInIndex = 0; path = Postcard.app; sourceTree = BUILT_PRODUCTS_DIR; };
		887BB51519CBD38400BC7C43 /* Info.plist */ = {isa = PBXFileReference; lastKnownFileType = text.plist.xml; path = Info.plist; sourceTree = "<group>"; };
		887BB51619CBD38400BC7C43 /* AppDelegate.swift */ = {isa = PBXFileReference; lastKnownFileType = sourcecode.swift; path = AppDelegate.swift; sourceTree = "<group>"; };
		887BB51819CBD38400BC7C43 /* ViewController.swift */ = {isa = PBXFileReference; lastKnownFileType = sourcecode.swift; path = ViewController.swift; sourceTree = "<group>"; };
		887BB51B19CBD38400BC7C43 /* Base */ = {isa = PBXFileReference; lastKnownFileType = file.storyboard; name = Base; path = Base.lproj/Main.storyboard; sourceTree = "<group>"; };
		887BB51D19CBD38400BC7C43 /* Images.xcassets */ = {isa = PBXFileReference; lastKnownFileType = folder.assetcatalog; path = Images.xcassets; sourceTree = "<group>"; };
		887BB52019CBD38400BC7C43 /* Base */ = {isa = PBXFileReference; lastKnownFileType = file.xib; name = Base; path = Base.lproj/LaunchScreen.xib; sourceTree = "<group>"; };
		887BB52619CBD38400BC7C43 /* PostcardTests.xctest */ = {isa = PBXFileReference; explicitFileType = wrapper.cfbundle; includeInIndex = 0; path = PostcardTests.xctest; sourceTree = BUILT_PRODUCTS_DIR; };
		887BB52B19CBD38400BC7C43 /* Info.plist */ = {isa = PBXFileReference; lastKnownFileType = text.plist.xml; path = Info.plist; sourceTree = "<group>"; };
		887BB52C19CBD38400BC7C43 /* PostcardTests.swift */ = {isa = PBXFileReference; lastKnownFileType = sourcecode.swift; path = PostcardTests.swift; sourceTree = "<group>"; };
/* End PBXFileReference section */

/* Begin PBXFrameworksBuildPhase section */
		887BB50E19CBD38300BC7C43 /* Frameworks */ = {
			isa = PBXFrameworksBuildPhase;
			buildActionMask = 2147483647;
			files = (
			);
			runOnlyForDeploymentPostprocessing = 0;
		};
		887BB52319CBD38400BC7C43 /* Frameworks */ = {
			isa = PBXFrameworksBuildPhase;
			buildActionMask = 2147483647;
			files = (
			);
			runOnlyForDeploymentPostprocessing = 0;
		};
/* End PBXFrameworksBuildPhase section */

/* Begin PBXGroup section */
		887BB50819CBD38300BC7C43 = {
			isa = PBXGroup;
			children = (
				887BB51319CBD38400BC7C43 /* Postcard */,
				887BB52919CBD38400BC7C43 /* PostcardTests */,
				887BB51219CBD38400BC7C43 /* Products */,
			);
			sourceTree = "<group>";
		};
		887BB51219CBD38400BC7C43 /* Products */ = {
			isa = PBXGroup;
			children = (
				887BB51119CBD38400BC7C43 /* Postcard.app */,
				887BB52619CBD38400BC7C43 /* PostcardTests.xctest */,
			);
			name = Products;
			sourceTree = "<group>";
		};
		887BB51319CBD38400BC7C43 /* Postcard */ = {
			isa = PBXGroup;
			children = (
				887BB51619CBD38400BC7C43 /* AppDelegate.swift */,
				887BB51819CBD38400BC7C43 /* ViewController.swift */,
				887BB51A19CBD38400BC7C43 /* Main.storyboard */,
				887BB51D19CBD38400BC7C43 /* Images.xcassets */,
				887BB51F19CBD38400BC7C43 /* LaunchScreen.xib */,
				887BB51419CBD38400BC7C43 /* Supporting Files */,
			);
			path = Postcard;
			sourceTree = "<group>";
		};
		887BB51419CBD38400BC7C43 /* Supporting Files */ = {
			isa = PBXGroup;
			children = (
				882940C219CC107E00D1A48D /* AlbertEinsteinStamp.png */,
				882940C319CC107E00D1A48D /* Sagrada_Familia_03_crop.jpg */,
				887BB51519CBD38400BC7C43 /* Info.plist */,
			);
			name = "Supporting Files";
			sourceTree = "<group>";
		};
		887BB52919CBD38400BC7C43 /* PostcardTests */ = {
			isa = PBXGroup;
			children = (
				887BB52C19CBD38400BC7C43 /* PostcardTests.swift */,
				887BB52A19CBD38400BC7C43 /* Supporting Files */,
			);
			path = PostcardTests;
			sourceTree = "<group>";
		};
		887BB52A19CBD38400BC7C43 /* Supporting Files */ = {
			isa = PBXGroup;
			children = (
				887BB52B19CBD38400BC7C43 /* Info.plist */,
			);
			name = "Supporting Files";
			sourceTree = "<group>";
		};
/* End PBXGroup section */

/* Begin PBXNativeTarget section */
		887BB51019CBD38300BC7C43 /* Postcard */ = {
			isa = PBXNativeTarget;
			buildConfigurationList = 887BB53019CBD38400BC7C43 /* Build configuration list for PBXNativeTarget "Postcard" */;
			buildPhases = (
				887BB50D19CBD38300BC7C43 /* Sources */,
				887BB50E19CBD38300BC7C43 /* Frameworks */,
				887BB50F19CBD38300BC7C43 /* Resources */,
			);
			buildRules = (
			);
			dependencies = (
			);
			name = Postcard;
			productName = Postcard;
			productReference = 887BB51119CBD38400BC7C43 /* Postcard.app */;
			productType = "com.apple.product-type.application";
		};
		887BB52519CBD38400BC7C43 /* PostcardTests */ = {
			isa = PBXNativeTarget;
			buildConfigurationList = 887BB53319CBD38400BC7C43 /* Build configuration list for PBXNativeTarget "PostcardTests" */;
			buildPhases = (
				887BB52219CBD38400BC7C43 /* Sources */,
				887BB52319CBD38400BC7C43 /* Frameworks */,
				887BB52419CBD38400BC7C43 /* Resources */,
			);
			buildRules = (
			);
			dependencies = (
				887BB52819CBD38400BC7C43 /* PBXTargetDependency */,
			);
			name = PostcardTests;
			productName = PostcardTests;
			productReference = 887BB52619CBD38400BC7C43 /* PostcardTests.xctest */;
			productType = "com.apple.product-type.bundle.unit-test";
		};
/* End PBXNativeTarget section */

/* Begin PBXProject section */
		887BB50919CBD38300BC7C43 /* Project object */ = {
			isa = PBXProject;
			attributes = {
				LastUpgradeCheck = 0600;
				ORGANIZATIONNAME = "Nathan Watkins";
				TargetAttributes = {
					887BB51019CBD38300BC7C43 = {
						CreatedOnToolsVersion = 6.0;
					};
					887BB52519CBD38400BC7C43 = {
						CreatedOnToolsVersion = 6.0;
						TestTargetID = 887BB51019CBD38300BC7C43;
					};
				};
			};
			buildConfigurationList = 887BB50C19CBD38300BC7C43 /* Build configuration list for PBXProject "Postcard" */;
			compatibilityVersion = "Xcode 3.2";
			developmentRegion = English;
			hasScannedForEncodings = 0;
			knownRegions = (
				en,
				Base,
			);
			mainGroup = 887BB50819CBD38300BC7C43;
			productRefGroup = 887BB51219CBD38400BC7C43 /* Products */;
			projectDirPath = "";
			projectRoot = "";
			targets = (
				887BB51019CBD38300BC7C43 /* Postcard */,
				887BB52519CBD38400BC7C43 /* PostcardTests */,
			);
		};
/* End PBXProject section */

/* Begin PBXResourcesBuildPhase section */
		887BB50F19CBD38300BC7C43 /* Resources */ = {
			isa = PBXResourcesBuildPhase;
			buildActionMask = 2147483647;
			files = (
				887BB51C19CBD38400BC7C43 /* Main.storyboard in Resources */,
				882940C519CC107E00D1A48D /* Sagrada_Familia_03_crop.jpg in Resources */,
				887BB52119CBD38400BC7C43 /* LaunchScreen.xib in Resources */,
				882940C419CC107E00D1A48D /* AlbertEinsteinStamp.png in Resources */,
				887BB51E19CBD38400BC7C43 /* Images.xcassets in Resources */,
			);
			runOnlyForDeploymentPostprocessing = 0;
		};
		887BB52419CBD38400BC7C43 /* Resources */ = {
			isa = PBXResourcesBuildPhase;
			buildActionMask = 2147483647;
			files = (
			);
			runOnlyForDeploymentPostprocessing = 0;
		};
/* End PBXResourcesBuildPhase section */

/* Begin PBXSourcesBuildPhase section */
		887BB50D19CBD38300BC7C43 /* Sources */ = {
			isa = PBXSourcesBuildPhase;
			buildActionMask = 2147483647;
			files = (
				887BB51919CBD38400BC7C43 /* ViewController.swift in Sources */,
				887BB51719CBD38400BC7C43 /* AppDelegate.swift in Sources */,
			);
			runOnlyForDeploymentPostprocessing = 0;
		};
		887BB52219CBD38400BC7C43 /* Sources */ = {
			isa = PBXSourcesBuildPhase;
			buildActionMask = 2147483647;
			files = (
				887BB52D19CBD38400BC7C43 /* PostcardTests.swift in Sources */,
			);
			runOnlyForDeploymentPostprocessing = 0;
		};
/* End PBXSourcesBuildPhase section */

/* Begin PBXTargetDependency section */
		887BB52819CBD38400BC7C43 /* PBXTargetDependency */ = {
			isa = PBXTargetDependency;
			target = 887BB51019CBD38300BC7C43 /* Postcard */;
			targetProxy = 887BB52719CBD38400BC7C43 /* PBXContainerItemProxy */;
		};
/* End PBXTargetDependency section */

/* Begin PBXVariantGroup section */
		887BB51A19CBD38400BC7C43 /* Main.storyboard */ = {
			isa = PBXVariantGroup;
			children = (
				887BB51B19CBD38400BC7C43 /* Base */,
			);
			name = Main.storyboard;
			sourceTree = "<group>";
		};
		887BB51F19CBD38400BC7C43 /* LaunchScreen.xib */ = {
			isa = PBXVariantGroup;
			children = (
				887BB52019CBD38400BC7C43 /* Base */,
			);
			name = LaunchScreen.xib;
			sourceTree = "<group>";
		};
/* End PBXVariantGroup section */

/* Begin XCBuildConfiguration section */
		887BB52E19CBD38400BC7C43 /* Debug */ = {
			isa = XCBuildConfiguration;
			buildSettings = {
				ALWAYS_SEARCH_USER_PATHS = NO;
				CLANG_CXX_LANGUAGE_STANDARD = "gnu++0x";
				CLANG_CXX_LIBRARY = "libc++";
				CLANG_ENABLE_MODULES = YES;
				CLANG_ENABLE_OBJC_ARC = YES;
				CLANG_WARN_BOOL_CONVERSION = YES;
				CLANG_WARN_CONSTANT_CONVERSION = YES;
				CLANG_WARN_DIRECT_OBJC_ISA_USAGE = YES_ERROR;
				CLANG_WARN_EMPTY_BODY = YES;
				CLANG_WARN_ENUM_CONVERSION = YES;
				CLANG_WARN_INT_CONVERSION = YES;
				CLANG_WARN_OBJC_ROOT_CLASS = YES_ERROR;
				CLANG_WARN_UNREACHABLE_CODE = YES;
				CLANG_WARN__DUPLICATE_METHOD_MATCH = YES;
				"CODE_SIGN_IDENTITY[sdk=iphoneos*]" = "iPhone Developer";
				COPY_PHASE_STRIP = NO;
				ENABLE_STRICT_OBJC_MSGSEND = YES;
				GCC_C_LANGUAGE_STANDARD = gnu99;
				GCC_DYNAMIC_NO_PIC = NO;
				GCC_OPTIMIZATION_LEVEL = 0;
				GCC_PREPROCESSOR_DEFINITIONS = (
					"DEBUG=1",
					"$(inherited)",
				);
				GCC_SYMBOLS_PRIVATE_EXTERN = NO;
				GCC_WARN_64_TO_32_BIT_CONVERSION = YES;
				GCC_WARN_ABOUT_RETURN_TYPE = YES_ERROR;
				GCC_WARN_UNDECLARED_SELECTOR = YES;
				GCC_WARN_UNINITIALIZED_AUTOS = YES_AGGRESSIVE;
				GCC_WARN_UNUSED_FUNCTION = YES;
				GCC_WARN_UNUSED_VARIABLE = YES;
				IPHONEOS_DEPLOYMENT_TARGET = 8.0;
				MTL_ENABLE_DEBUG_INFO = YES;
				ONLY_ACTIVE_ARCH = YES;
				SDKROOT = iphoneos;
				SWIFT_OPTIMIZATION_LEVEL = "-Onone";
			};
			name = Debug;
		};
		887BB52F19CBD38400BC7C43 /* Release */ = {
			isa = XCBuildConfiguration;
			buildSettings = {
				ALWAYS_SEARCH_USER_PATHS = NO;
				CLANG_CXX_LANGUAGE_STANDARD = "gnu++0x";
				CLANG_CXX_LIBRARY = "libc++";
				CLANG_ENABLE_MODULES = YES;
				CLANG_ENABLE_OBJC_ARC = YES;
				CLANG_WARN_BOOL_CONVERSION = YES;
				CLANG_WARN_CONSTANT_CONVERSION = YES;
				CLANG_WARN_DIRECT_OBJC_ISA_USAGE = YES_ERROR;
				CLANG_WARN_EMPTY_BODY = YES;
				CLANG_WARN_ENUM_CONVERSION = YES;
				CLANG_WARN_INT_CONVERSION = YES;
				CLANG_WARN_OBJC_ROOT_CLASS = YES_ERROR;
				CLANG_WARN_UNREACHABLE_CODE = YES;
				CLANG_WARN__DUPLICATE_METHOD_MATCH = YES;
				"CODE_SIGN_IDENTITY[sdk=iphoneos*]" = "iPhone Developer";
				COPY_PHASE_STRIP = YES;
				ENABLE_NS_ASSERTIONS = NO;
				ENABLE_STRICT_OBJC_MSGSEND = YES;
				GCC_C_LANGUAGE_STANDARD = gnu99;
				GCC_WARN_64_TO_32_BIT_CONVERSION = YES;
				GCC_WARN_ABOUT_RETURN_TYPE = YES_ERROR;
				GCC_WARN_UNDECLARED_SELECTOR = YES;
				GCC_WARN_UNINITIALIZED_AUTOS = YES_AGGRESSIVE;
				GCC_WARN_UNUSED_FUNCTION = YES;
				GCC_WARN_UNUSED_VARIABLE = YES;
				IPHONEOS_DEPLOYMENT_TARGET = 8.0;
				MTL_ENABLE_DEBUG_INFO = NO;
				SDKROOT = iphoneos;
				VALIDATE_PRODUCT = YES;
			};
			name = Release;
		};
		887BB53119CBD38400BC7C43 /* Debug */ = {
			isa = XCBuildConfiguration;
			buildSettings = {
				ASSETCATALOG_COMPILER_APPICON_NAME = AppIcon;
				INFOPLIST_FILE = Postcard/Info.plist;
				LD_RUNPATH_SEARCH_PATHS = "$(inherited) @executable_path/Frameworks";
				PRODUCT_NAME = "$(TARGET_NAME)";
			};
			name = Debug;
		};
		887BB53219CBD38400BC7C43 /* Release */ = {
			isa = XCBuildConfiguration;
			buildSettings = {
				ASSETCATALOG_COMPILER_APPICON_NAME = AppIcon;
				INFOPLIST_FILE = Postcard/Info.plist;
				LD_RUNPATH_SEARCH_PATHS = "$(inherited) @executable_path/Frameworks";
				PRODUCT_NAME = "$(TARGET_NAME)";
			};
			name = Release;
		};
		887BB53419CBD38400BC7C43 /* Debug */ = {
			isa = XCBuildConfiguration;
			buildSettings = {
				BUNDLE_LOADER = "$(TEST_HOST)";
				FRAMEWORK_SEARCH_PATHS = (
					"$(SDKROOT)/Developer/Library/Frameworks",
					"$(inherited)",
				);
				GCC_PREPROCESSOR_DEFINITIONS = (
					"DEBUG=1",
					"$(inherited)",
				);
				INFOPLIST_FILE = PostcardTests/Info.plist;
				LD_RUNPATH_SEARCH_PATHS = "$(inherited) @executable_path/Frameworks @loader_path/Frameworks";
				PRODUCT_NAME = "$(TARGET_NAME)";
				TEST_HOST = "$(BUILT_PRODUCTS_DIR)/Postcard.app/Postcard";
			};
			name = Debug;
		};
		887BB53519CBD38400BC7C43 /* Release */ = {
			isa = XCBuildConfiguration;
			buildSettings = {
				BUNDLE_LOADER = "$(TEST_HOST)";
				FRAMEWORK_SEARCH_PATHS = (
					"$(SDKROOT)/Developer/Library/Frameworks",
					"$(inherited)",
				);
				INFOPLIST_FILE = PostcardTests/Info.plist;
				LD_RUNPATH_SEARCH_PATHS = "$(inherited) @executable_path/Frameworks @loader_path/Frameworks";
				PRODUCT_NAME = "$(TARGET_NAME)";
				TEST_HOST = "$(BUILT_PRODUCTS_DIR)/Postcard.app/Postcard";
			};
			name = Release;
		};
/* End XCBuildConfiguration section */

/* Begin XCConfigurationList section */
		887BB50C19CBD38300BC7C43 /* Build configuration list for PBXProject "Postcard" */ = {
			isa = XCConfigurationList;
			buildConfigurations = (
				887BB52E19CBD38400BC7C43 /* Debug */,
				887BB52F19CBD38400BC7C43 /* Release */,
			);
			defaultConfigurationIsVisible = 0;
			defaultConfigurationName = Release;
		};
		887BB53019CBD38400BC7C43 /* Build configuration list for PBXNativeTarget "Postcard" */ = {
			isa = XCConfigurationList;
			buildConfigurations = (
				887BB53119CBD38400BC7C43 /* Debug */,
				887BB53219CBD38400BC7C43 /* Release */,
			);
			defaultConfigurationIsVisible = 0;
			defaultConfigurationName = Release;
		};
		887BB53319CBD38400BC7C43 /* Build configuration list for PBXNativeTarget "PostcardTests" */ = {
			isa = XCConfigurationList;
			buildConfigurations = (
				887BB53419CBD38400BC7C43 /* Debug */,
				887BB53519CBD38400BC7C43 /* Release */,
			);
			defaultConfigurationIsVisible = 0;
			defaultConfigurationName = Release;
		};
/* End XCConfigurationList section */
	};
	rootObject = 887BB50919CBD38300BC7C43 /* Project object */;
}
